
Microsoft Visual Studio Solution File, Format Version 12.00
# Visual Studio Version 17
VisualStudioVersion = 17.2.32616.157
MinimumVisualStudioVersion = 10.0.40219.1
Project("{8BC9CEB8-8B4A-11D0-8D11-00A0C91BC942}") = "LeagueHub.Core", "leaguescript\leaguescript.vcxproj", "{A0CF99EC-5DB8-4D62-A3E8-D6336D833888}"
EndProject
Global
	GlobalSection(SolutionConfigurationPlatforms) = preSolution
		Prod|x64 = Prod|x64
		Prod|x86 = Prod|x86
		Release|x64 = Release|x64
		Release|x86 = Release|x86
	EndGlobalSection
	GlobalSection(ProjectConfigurationPlatforms) = postSolution
		{A0CF99EC-5DB8-4D62-A3E8-D6336D833888}.Prod|x64.ActiveCfg = Prod|x64
		{A0CF99EC-5DB8-4D62-A3E8-D6336D833888}.Prod|x64.Build.0 = Prod|x64
		{A0CF99EC-5DB8-4D62-A3E8-D6336D833888}.Prod|x86.ActiveCfg = Prod|Win32
		{A0CF99EC-5DB8-4D62-A3E8-D6336D833888}.Prod|x86.Build.0 = Prod|Win32
		{A0CF99EC-5DB8-4D62-A3E8-D6336D833888}.Release|x64.ActiveCfg = Release|x64
		{A0CF99EC-5DB8-4D62-A3E8-D6336D833888}.Release|x64.Build.0 = Release|x64
		{A0CF99EC-5DB8-4D62-A3E8-D6336D833888}.Release|x86.ActiveCfg = Release|x64
		{A0CF99EC-5DB8-4D62-A3E8-D6336D833888}.Release|x86.Build.0 = Release|x64
	EndGlobalSection
	GlobalSection(SolutionProperties) = preSolution
		HideSolutionNode = FALSE
	EndGlobalSection
	GlobalSection(ExtensibilityGlobals) = postSolution
		SolutionGuid = {BD747561-D2D5-4A85-93EF-D64EF825F455}
	EndGlobalSection
EndGlobal
